// !$*UTF8*$!
{
	archiveVersion = 1;
	classes = {
	};
	objectVersion = 46;
	objects = {

/* Begin PBXBuildFile section */
		3142C7D350BEA8DDA06618C6 /* Pods_Pokedex.framework in Frameworks */ = {isa = PBXBuildFile; fileRef = 47E4B5A356A78546C9EF6C52 /* Pods_Pokedex.framework */; };
		AAA001201D9AC96F00FD8F9C /* AppDelegate.swift in Sources */ = {isa = PBXBuildFile; fileRef = AAA0011F1D9AC96F00FD8F9C /* AppDelegate.swift */; };
		AAA001221D9AC96F00FD8F9C /* ViewController.swift in Sources */ = {isa = PBXBuildFile; fileRef = AAA001211D9AC96F00FD8F9C /* ViewController.swift */; };
		AAA001251D9AC96F00FD8F9C /* Main.storyboard in Resources */ = {isa = PBXBuildFile; fileRef = AAA001231D9AC96F00FD8F9C /* Main.storyboard */; };
		AAA001271D9AC96F00FD8F9C /* Assets.xcassets in Resources */ = {isa = PBXBuildFile; fileRef = AAA001261D9AC96F00FD8F9C /* Assets.xcassets */; };
		AAA0012A1D9AC96F00FD8F9C /* LaunchScreen.storyboard in Resources */ = {isa = PBXBuildFile; fileRef = AAA001281D9AC96F00FD8F9C /* LaunchScreen.storyboard */; };
		AAA001321D9ACFBC00FD8F9C /* pokemon.csv in Resources */ = {isa = PBXBuildFile; fileRef = AAA001311D9ACFBC00FD8F9C /* pokemon.csv */; };
		AAA001351D9AD0A800FD8F9C /* Pokemon.swift in Sources */ = {isa = PBXBuildFile; fileRef = AAA001341D9AD0A800FD8F9C /* Pokemon.swift */; };
		AAA001381D9AD62F00FD8F9C /* PokeCell.swift in Sources */ = {isa = PBXBuildFile; fileRef = AAA001371D9AD62F00FD8F9C /* PokeCell.swift */; };
		AAA0013A1D9C340D00FD8F9C /* csv.swift in Sources */ = {isa = PBXBuildFile; fileRef = AAA001391D9C340D00FD8F9C /* csv.swift */; };
		AAA0013C1D9D6F1600FD8F9C /* pokemon.ttf in Resources */ = {isa = PBXBuildFile; fileRef = AAA0013B1D9D6F1600FD8F9C /* pokemon.ttf */; };
		AAA001421D9D70B400FD8F9C /* music.mp3 in Resources */ = {isa = PBXBuildFile; fileRef = AAA001401D9D70B400FD8F9C /* music.mp3 */; };
		AAA001451D9D7D9000FD8F9C /* PokemonDetailVC.swift in Sources */ = {isa = PBXBuildFile; fileRef = AAA001441D9D7D9000FD8F9C /* PokemonDetailVC.swift */; };
/* End PBXBuildFile section */

/* Begin PBXFileReference section */
		47E4B5A356A78546C9EF6C52 /* Pods_Pokedex.framework */ = {isa = PBXFileReference; explicitFileType = wrapper.framework; includeInIndex = 0; path = Pods_Pokedex.framework; sourceTree = BUILT_PRODUCTS_DIR; };
		6C18B3FA67A08BACCA41B354 /* Pods-Pokedex.debug.xcconfig */ = {isa = PBXFileReference; includeInIndex = 1; lastKnownFileType = text.xcconfig; name = "Pods-Pokedex.debug.xcconfig"; path = "Pods/Target Support Files/Pods-Pokedex/Pods-Pokedex.debug.xcconfig"; sourceTree = "<group>"; };
		AAA0011C1D9AC96F00FD8F9C /* Pokedex.app */ = {isa = PBXFileReference; explicitFileType = wrapper.application; includeInIndex = 0; path = Pokedex.app; sourceTree = BUILT_PRODUCTS_DIR; };
		AAA0011F1D9AC96F00FD8F9C /* AppDelegate.swift */ = {isa = PBXFileReference; lastKnownFileType = sourcecode.swift; path = AppDelegate.swift; sourceTree = "<group>"; };
		AAA001211D9AC96F00FD8F9C /* ViewController.swift */ = {isa = PBXFileReference; lastKnownFileType = sourcecode.swift; path = ViewController.swift; sourceTree = "<group>"; };
		AAA001241D9AC96F00FD8F9C /* Base */ = {isa = PBXFileReference; lastKnownFileType = file.storyboard; name = Base; path = Base.lproj/Main.storyboard; sourceTree = "<group>"; };
		AAA001261D9AC96F00FD8F9C /* Assets.xcassets */ = {isa = PBXFileReference; lastKnownFileType = folder.assetcatalog; path = Assets.xcassets; sourceTree = "<group>"; };
		AAA001291D9AC96F00FD8F9C /* Base */ = {isa = PBXFileReference; lastKnownFileType = file.storyboard; name = Base; path = Base.lproj/LaunchScreen.storyboard; sourceTree = "<group>"; };
		AAA0012B1D9AC96F00FD8F9C /* Info.plist */ = {isa = PBXFileReference; lastKnownFileType = text.plist.xml; path = Info.plist; sourceTree = "<group>"; };
		AAA001311D9ACFBC00FD8F9C /* pokemon.csv */ = {isa = PBXFileReference; fileEncoding = 4; lastKnownFileType = text; path = pokemon.csv; sourceTree = "<group>"; };
		AAA001341D9AD0A800FD8F9C /* Pokemon.swift */ = {isa = PBXFileReference; fileEncoding = 4; lastKnownFileType = sourcecode.swift; path = Pokemon.swift; sourceTree = "<group>"; };
		AAA001371D9AD62F00FD8F9C /* PokeCell.swift */ = {isa = PBXFileReference; fileEncoding = 4; lastKnownFileType = sourcecode.swift; path = PokeCell.swift; sourceTree = "<group>"; };
		AAA001391D9C340D00FD8F9C /* csv.swift */ = {isa = PBXFileReference; fileEncoding = 4; lastKnownFileType = sourcecode.swift; path = csv.swift; sourceTree = "<group>"; };
		AAA0013B1D9D6F1600FD8F9C /* pokemon.ttf */ = {isa = PBXFileReference; lastKnownFileType = file; path = pokemon.ttf; sourceTree = "<group>"; };
		AAA001401D9D70B400FD8F9C /* music.mp3 */ = {isa = PBXFileReference; lastKnownFileType = audio.mp3; path = music.mp3; sourceTree = "<group>"; };
		AAA001441D9D7D9000FD8F9C /* PokemonDetailVC.swift */ = {isa = PBXFileReference; fileEncoding = 4; lastKnownFileType = sourcecode.swift; path = PokemonDetailVC.swift; sourceTree = "<group>"; };
		DF940F82C10AB25A81274FBA /* Pods-Pokedex.release.xcconfig */ = {isa = PBXFileReference; includeInIndex = 1; lastKnownFileType = text.xcconfig; name = "Pods-Pokedex.release.xcconfig"; path = "Pods/Target Support Files/Pods-Pokedex/Pods-Pokedex.release.xcconfig"; sourceTree = "<group>"; };
/* End PBXFileReference section */

/* Begin PBXFrameworksBuildPhase section */
		AAA001191D9AC96F00FD8F9C /* Frameworks */ = {
			isa = PBXFrameworksBuildPhase;
			buildActionMask = 2147483647;
			files = (
				3142C7D350BEA8DDA06618C6 /* Pods_Pokedex.framework in Frameworks */,
			);
			runOnlyForDeploymentPostprocessing = 0;
		};
/* End PBXFrameworksBuildPhase section */

/* Begin PBXGroup section */
		1D776F2CC18927EBE39E5058 /* Frameworks */ = {
			isa = PBXGroup;
			children = (
				47E4B5A356A78546C9EF6C52 /* Pods_Pokedex.framework */,
			);
			name = Frameworks;
			sourceTree = "<group>";
		};
		AAA001131D9AC96F00FD8F9C = {
			isa = PBXGroup;
			children = (
				AAA0011E1D9AC96F00FD8F9C /* Pokedex */,
				AAA0011D1D9AC96F00FD8F9C /* Products */,
				B481B94EAE2E99DCB8E417EF /* Pods */,
				1D776F2CC18927EBE39E5058 /* Frameworks */,
			);
			sourceTree = "<group>";
		};
		AAA0011D1D9AC96F00FD8F9C /* Products */ = {
			isa = PBXGroup;
			children = (
				AAA0011C1D9AC96F00FD8F9C /* Pokedex.app */,
			);
			name = Products;
			sourceTree = "<group>";
		};
		AAA0011E1D9AC96F00FD8F9C /* Pokedex */ = {
			isa = PBXGroup;
			children = (
				AAA001331D9AD09300FD8F9C /* Model */,
				AAA001361D9AD5F600FD8F9C /* View */,
				AAA0013D1D9D6F2300FD8F9C /* Controller */,
				AAA0013E1D9D6F2C00FD8F9C /* Resources */,
				AAA0013F1D9D6F3E00FD8F9C /* Util */,
				AAA0011F1D9AC96F00FD8F9C /* AppDelegate.swift */,
				AAA001231D9AC96F00FD8F9C /* Main.storyboard */,
				AAA001261D9AC96F00FD8F9C /* Assets.xcassets */,
				AAA001281D9AC96F00FD8F9C /* LaunchScreen.storyboard */,
				AAA0012B1D9AC96F00FD8F9C /* Info.plist */,
			);
			path = Pokedex;
			sourceTree = "<group>";
		};
		AAA001331D9AD09300FD8F9C /* Model */ = {
			isa = PBXGroup;
			children = (
				AAA001341D9AD0A800FD8F9C /* Pokemon.swift */,
			);
			name = Model;
			sourceTree = "<group>";
		};
		AAA001361D9AD5F600FD8F9C /* View */ = {
			isa = PBXGroup;
			children = (
				AAA001371D9AD62F00FD8F9C /* PokeCell.swift */,
			);
			name = View;
			sourceTree = "<group>";
		};
		AAA0013D1D9D6F2300FD8F9C /* Controller */ = {
			isa = PBXGroup;
			children = (
				AAA001211D9AC96F00FD8F9C /* ViewController.swift */,
				AAA001441D9D7D9000FD8F9C /* PokemonDetailVC.swift */,
			);
			name = Controller;
			sourceTree = "<group>";
		};
		AAA0013E1D9D6F2C00FD8F9C /* Resources */ = {
			isa = PBXGroup;
			children = (
				AAA0013B1D9D6F1600FD8F9C /* pokemon.ttf */,
				AAA001311D9ACFBC00FD8F9C /* pokemon.csv */,
				AAA001401D9D70B400FD8F9C /* music.mp3 */,
			);
			name = Resources;
			sourceTree = "<group>";
		};
		AAA0013F1D9D6F3E00FD8F9C /* Util */ = {
			isa = PBXGroup;
			children = (
				AAA001391D9C340D00FD8F9C /* csv.swift */,
			);
			name = Util;
			sourceTree = "<group>";
		};
		B481B94EAE2E99DCB8E417EF /* Pods */ = {
			isa = PBXGroup;
			children = (
				6C18B3FA67A08BACCA41B354 /* Pods-Pokedex.debug.xcconfig */,
				DF940F82C10AB25A81274FBA /* Pods-Pokedex.release.xcconfig */,
			);
			name = Pods;
			sourceTree = "<group>";
		};
/* End PBXGroup section */

/* Begin PBXNativeTarget section */
		AAA0011B1D9AC96F00FD8F9C /* Pokedex */ = {
			isa = PBXNativeTarget;
			buildConfigurationList = AAA0012E1D9AC96F00FD8F9C /* Build configuration list for PBXNativeTarget "Pokedex" */;
			buildPhases = (
				4A852EC52583B1E0E59AFEFA /* [CP] Check Pods Manifest.lock */,
				AAA001181D9AC96F00FD8F9C /* Sources */,
				AAA001191D9AC96F00FD8F9C /* Frameworks */,
				AAA0011A1D9AC96F00FD8F9C /* Resources */,
				CAF9417671174BF50F87527C /* [CP] Embed Pods Frameworks */,
				DA5AB5554BB0E40E8E7C752F /* [CP] Copy Pods Resources */,
			);
			buildRules = (
			);
			dependencies = (
			);
			name = Pokedex;
			productName = Pokedex;
			productReference = AAA0011C1D9AC96F00FD8F9C /* Pokedex.app */;
			productType = "com.apple.product-type.application";
		};
/* End PBXNativeTarget section */

/* Begin PBXProject section */
		AAA001141D9AC96F00FD8F9C /* Project object */ = {
			isa = PBXProject;
			attributes = {
				LastSwiftUpdateCheck = 0800;
				LastUpgradeCheck = 0800;
				ORGANIZATIONNAME = smbss;
				TargetAttributes = {
					AAA0011B1D9AC96F00FD8F9C = {
						CreatedOnToolsVersion = 8.0;
						DevelopmentTeam = BCUP3M7P3C;
						LastSwiftMigration = 0800;
						ProvisioningStyle = Automatic;
					};
				};
			};
			buildConfigurationList = AAA001171D9AC96F00FD8F9C /* Build configuration list for PBXProject "Pokedex" */;
			compatibilityVersion = "Xcode 3.2";
			developmentRegion = English;
			hasScannedForEncodings = 0;
			knownRegions = (
				en,
				Base,
			);
			mainGroup = AAA001131D9AC96F00FD8F9C;
			productRefGroup = AAA0011D1D9AC96F00FD8F9C /* Products */;
			projectDirPath = "";
			projectRoot = "";
			targets = (
				AAA0011B1D9AC96F00FD8F9C /* Pokedex */,
			);
		};
/* End PBXProject section */

/* Begin PBXResourcesBuildPhase section */
		AAA0011A1D9AC96F00FD8F9C /* Resources */ = {
			isa = PBXResourcesBuildPhase;
			buildActionMask = 2147483647;
			files = (
				AAA0013C1D9D6F1600FD8F9C /* pokemon.ttf in Resources */,
				AAA0012A1D9AC96F00FD8F9C /* LaunchScreen.storyboard in Resources */,
				AAA001421D9D70B400FD8F9C /* music.mp3 in Resources */,
				AAA001271D9AC96F00FD8F9C /* Assets.xcassets in Resources */,
				AAA001321D9ACFBC00FD8F9C /* pokemon.csv in Resources */,
				AAA001251D9AC96F00FD8F9C /* Main.storyboard in Resources */,
			);
			runOnlyForDeploymentPostprocessing = 0;
		};
/* End PBXResourcesBuildPhase section */

/* Begin PBXShellScriptBuildPhase section */
		4A852EC52583B1E0E59AFEFA /* [CP] Check Pods Manifest.lock */ = {
			isa = PBXShellScriptBuildPhase;
			buildActionMask = 2147483647;
			files = (
			);
			inputPaths = (
			);
			name = "[CP] Check Pods Manifest.lock";
			outputPaths = (
			);
			runOnlyForDeploymentPostprocessing = 0;
			shellPath = /bin/sh;
			shellScript = "diff \"${PODS_ROOT}/../Podfile.lock\" \"${PODS_ROOT}/Manifest.lock\" > /dev/null\nif [ $? != 0 ] ; then\n    # print error to STDERR\n    echo \"error: The sandbox is not in sync with the Podfile.lock. Run 'pod install' or update your CocoaPods installation.\" >&2\n    exit 1\nfi\n";
			showEnvVarsInLog = 0;
		};
		CAF9417671174BF50F87527C /* [CP] Embed Pods Frameworks */ = {
			isa = PBXShellScriptBuildPhase;
			buildActionMask = 2147483647;
			files = (
			);
			inputPaths = (
			);
			name = "[CP] Embed Pods Frameworks";
			outputPaths = (
			);
			runOnlyForDeploymentPostprocessing = 0;
			shellPath = /bin/sh;
			shellScript = "\"${SRCROOT}/Pods/Target Support Files/Pods-Pokedex/Pods-Pokedex-frameworks.sh\"\n";
			showEnvVarsInLog = 0;
		};
		DA5AB5554BB0E40E8E7C752F /* [CP] Copy Pods Resources */ = {
			isa = PBXShellScriptBuildPhase;
			buildActionMask = 2147483647;
			files = (
			);
			inputPaths = (
			);
			name = "[CP] Copy Pods Resources";
			outputPaths = (
			);
			runOnlyForDeploymentPostprocessing = 0;
			shellPath = /bin/sh;
			shellScript = "\"${SRCROOT}/Pods/Target Support Files/Pods-Pokedex/Pods-Pokedex-resources.sh\"\n";
			showEnvVarsInLog = 0;
		};
/* End PBXShellScriptBuildPhase section */

/* Begin PBXSourcesBuildPhase section */
		AAA001181D9AC96F00FD8F9C /* Sources */ = {
			isa = PBXSourcesBuildPhase;
			buildActionMask = 2147483647;
			files = (
				AAA001381D9AD62F00FD8F9C /* PokeCell.swift in Sources */,
				AAA001221D9AC96F00FD8F9C /* ViewController.swift in Sources */,
				AAA001201D9AC96F00FD8F9C /* AppDelegate.swift in Sources */,
				AAA001451D9D7D9000FD8F9C /* PokemonDetailVC.swift in Sources */,
				AAA001351D9AD0A800FD8F9C /* Pokemon.swift in Sources */,
				AAA0013A1D9C340D00FD8F9C /* csv.swift in Sources */,
			);
			runOnlyForDeploymentPostprocessing = 0;
		};
/* End PBXSourcesBuildPhase section */

/* Begin PBXVariantGroup section */
		AAA001231D9AC96F00FD8F9C /* Main.storyboard */ = {
			isa = PBXVariantGroup;
			children = (
				AAA001241D9AC96F00FD8F9C /* Base */,
			);
			name = Main.storyboard;
			sourceTree = "<group>";
		};
		AAA001281D9AC96F00FD8F9C /* LaunchScreen.storyboard */ = {
			isa = PBXVariantGroup;
			children = (
				AAA001291D9AC96F00FD8F9C /* Base */,
			);
			name = LaunchScreen.storyboard;
			sourceTree = "<group>";
		};
/* End PBXVariantGroup section */

/* Begin XCBuildConfiguration section */
		AAA0012C1D9AC96F00FD8F9C /* Debug */ = {
			isa = XCBuildConfiguration;
			buildSettings = {
				ALWAYS_SEARCH_USER_PATHS = NO;
				CLANG_ANALYZER_NONNULL = YES;
				CLANG_CXX_LANGUAGE_STANDARD = "gnu++0x";
				CLANG_CXX_LIBRARY = "libc++";
				CLANG_ENABLE_MODULES = YES;
				CLANG_ENABLE_OBJC_ARC = YES;
				CLANG_WARN_BOOL_CONVERSION = YES;
				CLANG_WARN_CONSTANT_CONVERSION = YES;
				CLANG_WARN_DIRECT_OBJC_ISA_USAGE = YES_ERROR;
				CLANG_WARN_DOCUMENTATION_COMMENTS = YES;
				CLANG_WARN_EMPTY_BODY = YES;
				CLANG_WARN_ENUM_CONVERSION = YES;
				CLANG_WARN_INFINITE_RECURSION = YES;
				CLANG_WARN_INT_CONVERSION = YES;
				CLANG_WARN_OBJC_ROOT_CLASS = YES_ERROR;
				CLANG_WARN_SUSPICIOUS_MOVE = YES;
				CLANG_WARN_SUSPICIOUS_MOVES = YES;
				CLANG_WARN_UNREACHABLE_CODE = YES;
				CLANG_WARN__DUPLICATE_METHOD_MATCH = YES;
				"CODE_SIGN_IDENTITY[sdk=iphoneos*]" = "iPhone Developer";
				COPY_PHASE_STRIP = NO;
				DEBUG_INFORMATION_FORMAT = dwarf;
				ENABLE_STRICT_OBJC_MSGSEND = YES;
				ENABLE_TESTABILITY = YES;
				GCC_C_LANGUAGE_STANDARD = gnu99;
				GCC_DYNAMIC_NO_PIC = NO;
				GCC_NO_COMMON_BLOCKS = YES;
				GCC_OPTIMIZATION_LEVEL = 0;
				GCC_PREPROCESSOR_DEFINITIONS = (
					"DEBUG=1",
					"$(inherited)",
				);
				GCC_WARN_64_TO_32_BIT_CONVERSION = YES;
				GCC_WARN_ABOUT_RETURN_TYPE = YES_ERROR;
				GCC_WARN_UNDECLARED_SELECTOR = YES;
				GCC_WARN_UNINITIALIZED_AUTOS = YES_AGGRESSIVE;
				GCC_WARN_UNUSED_FUNCTION = YES;
				GCC_WARN_UNUSED_VARIABLE = YES;
				IPHONEOS_DEPLOYMENT_TARGET = 10.0;
				MTL_ENABLE_DEBUG_INFO = YES;
				ONLY_ACTIVE_ARCH = YES;
				SDKROOT = iphoneos;
				SWIFT_ACTIVE_COMPILATION_CONDITIONS = DEBUG;
				SWIFT_OPTIMIZATION_LEVEL = "-Onone";
				TARGETED_DEVICE_FAMILY = "1,2";
			};
			name = Debug;
		};
		AAA0012D1D9AC96F00FD8F9C /* Release */ = {
			isa = XCBuildConfiguration;
			buildSettings = {
				ALWAYS_SEARCH_USER_PATHS = NO;
				CLANG_ANALYZER_NONNULL = YES;
				CLANG_CXX_LANGUAGE_STANDARD = "gnu++0x";
				CLANG_CXX_LIBRARY = "libc++";
				CLANG_ENABLE_MODULES = YES;
				CLANG_ENABLE_OBJC_ARC = YES;
				CLANG_WARN_BOOL_CONVERSION = YES;
				CLANG_WARN_CONSTANT_CONVERSION = YES;
				CLANG_WARN_DIRECT_OBJC_ISA_USAGE = YES_ERROR;
				CLANG_WARN_DOCUMENTATION_COMMENTS = YES;
				CLANG_WARN_EMPTY_BODY = YES;
				CLANG_WARN_ENUM_CONVERSION = YES;
				CLANG_WARN_INFINITE_RECURSION = YES;
				CLANG_WARN_INT_CONVERSION = YES;
				CLANG_WARN_OBJC_ROOT_CLASS = YES_ERROR;
				CLANG_WARN_SUSPICIOUS_MOVE = YES;
				CLANG_WARN_SUSPICIOUS_MOVES = YES;
				CLANG_WARN_UNREACHABLE_CODE = YES;
				CLANG_WARN__DUPLICATE_METHOD_MATCH = YES;
				"CODE_SIGN_IDENTITY[sdk=iphoneos*]" = "iPhone Developer";
				COPY_PHASE_STRIP = NO;
				DEBUG_INFORMATION_FORMAT = "dwarf-with-dsym";
				ENABLE_NS_ASSERTIONS = NO;
				ENABLE_STRICT_OBJC_MSGSEND = YES;
				GCC_C_LANGUAGE_STANDARD = gnu99;
				GCC_NO_COMMON_BLOCKS = YES;
				GCC_WARN_64_TO_32_BIT_CONVERSION = YES;
				GCC_WARN_ABOUT_RETURN_TYPE = YES_ERROR;
				GCC_WARN_UNDECLARED_SELECTOR = YES;
				GCC_WARN_UNINITIALIZED_AUTOS = YES_AGGRESSIVE;
				GCC_WARN_UNUSED_FUNCTION = YES;
				GCC_WARN_UNUSED_VARIABLE = YES;
				IPHONEOS_DEPLOYMENT_TARGET = 10.0;
				MTL_ENABLE_DEBUG_INFO = NO;
				SDKROOT = iphoneos;
				SWIFT_OPTIMIZATION_LEVEL = "-Owholemodule";
				TARGETED_DEVICE_FAMILY = "1,2";
				VALIDATE_PRODUCT = YES;
			};
			name = Release;
		};
		AAA0012F1D9AC96F00FD8F9C /* Debug */ = {
			isa = XCBuildConfiguration;
			baseConfigurationReference = 6C18B3FA67A08BACCA41B354 /* Pods-Pokedex.debug.xcconfig */;
			buildSettings = {
				ALWAYS_EMBED_SWIFT_STANDARD_LIBRARIES = YES;
				ASSETCATALOG_COMPILER_APPICON_NAME = AppIcon;
				DEVELOPMENT_TEAM = BCUP3M7P3C;
				INFOPLIST_FILE = Pokedex/Info.plist;
				LD_RUNPATH_SEARCH_PATHS = "$(inherited) @executable_path/Frameworks";
				PRODUCT_BUNDLE_IDENTIFIER = com.smbss.Pokedex;
				PRODUCT_NAME = "$(TARGET_NAME)";
				SWIFT_VERSION = 3.0;
			};
			name = Debug;
		};
		AAA001301D9AC96F00FD8F9C /* Release */ = {
			isa = XCBuildConfiguration;
			baseConfigurationReference = DF940F82C10AB25A81274FBA /* Pods-Pokedex.release.xcconfig */;
			buildSettings = {
				ALWAYS_EMBED_SWIFT_STANDARD_LIBRARIES = YES;
				ASSETCATALOG_COMPILER_APPICON_NAME = AppIcon;
				DEVELOPMENT_TEAM = BCUP3M7P3C;
				INFOPLIST_FILE = Pokedex/Info.plist;
				LD_RUNPATH_SEARCH_PATHS = "$(inherited) @executable_path/Frameworks";
				PRODUCT_BUNDLE_IDENTIFIER = com.smbss.Pokedex;
				PRODUCT_NAME = "$(TARGET_NAME)";
				SWIFT_VERSION = 3.0;
			};
			name = Release;
		};
/* End XCBuildConfiguration section */

/* Begin XCConfigurationList section */
		AAA001171D9AC96F00FD8F9C /* Build configuration list for PBXProject "Pokedex" */ = {
			isa = XCConfigurationList;
			buildConfigurations = (
				AAA0012C1D9AC96F00FD8F9C /* Debug */,
				AAA0012D1D9AC96F00FD8F9C /* Release */,
			);
			defaultConfigurationIsVisible = 0;
			defaultConfigurationName = Release;
		};
		AAA0012E1D9AC96F00FD8F9C /* Build configuration list for PBXNativeTarget "Pokedex" */ = {
			isa = XCConfigurationList;
			buildConfigurations = (
				AAA0012F1D9AC96F00FD8F9C /* Debug */,
				AAA001301D9AC96F00FD8F9C /* Release */,
			);
			defaultConfigurationIsVisible = 0;
			defaultConfigurationName = Release;
		};
/* End XCConfigurationList section */
	};
	rootObject = AAA001141D9AC96F00FD8F9C /* Project object */;
}
